
Microsoft Visual Studio Solution File, Format Version 12.00
# Visual Studio Version 16
VisualStudioVersion = 16.0.29609.76
MinimumVisualStudioVersion = 10.0.40219.1
Project("{9A19103F-16F7-4668-BE54-9A1E7A4F7556}") = "ReadTextFromFiles", "WritingAndReadingText\ReadTextFromFiles.csproj", "{C48EB023-A3C5-4567-B25E-58045BCFE72A}"
EndProject
Project("{FAE04EC0-301F-11D3-BF4B-00C04F79EFBC}") = "ReadingBinaryFiles", "CreatingBinaryFiles\ReadingBinaryFiles.csproj", "{BD60E863-C03A-494F-B758-F7006970C95B}"
EndProject
Project("{FAE04EC0-301F-11D3-BF4B-00C04F79EFBC}") = "WritingDataLib", "WritingDataLib\WritingDataLib.csproj", "{9DD6583E-0E95-4676-BFAF-231D880C7F2F}"
EndProject
Project("{FAE04EC0-301F-11D3-BF4B-00C04F79EFBC}") = "ReadIntergerFromTextFile", "ReadIntergerFromTextFile\ReadIntergerFromTextFile.csproj", "{0BE5559F-3A5D-49D2-86E3-BC4179BB6767}"
EndProject
Project("{FAE04EC0-301F-11D3-BF4B-00C04F79EFBC}") = "DownloadDataFromWebsites", "DownloadDataFromWebsites\DownloadDataFromWebsites.csproj", "{21232CD9-44F4-49B1-9A32-C5962D883EBE}"
EndProject
Global
	GlobalSection(SolutionConfigurationPlatforms) = preSolution
		Debug|Any CPU = Debug|Any CPU
		Debug|x64 = Debug|x64
		Debug|x86 = Debug|x86
		Release|Any CPU = Release|Any CPU
		Release|x64 = Release|x64
		Release|x86 = Release|x86
	EndGlobalSection
	GlobalSection(ProjectConfigurationPlatforms) = postSolution
		{C48EB023-A3C5-4567-B25E-58045BCFE72A}.Debug|Any CPU.ActiveCfg = Debug|Any CPU
		{C48EB023-A3C5-4567-B25E-58045BCFE72A}.Debug|Any CPU.Build.0 = Debug|Any CPU
		{C48EB023-A3C5-4567-B25E-58045BCFE72A}.Debug|x64.ActiveCfg = Debug|x64
		{C48EB023-A3C5-4567-B25E-58045BCFE72A}.Debug|x64.Build.0 = Debug|x64
		{C48EB023-A3C5-4567-B25E-58045BCFE72A}.Debug|x86.ActiveCfg = Debug|x86
		{C48EB023-A3C5-4567-B25E-58045BCFE72A}.Debug|x86.Build.0 = Debug|x86
		{C48EB023-A3C5-4567-B25E-58045BCFE72A}.Release|Any CPU.ActiveCfg = Release|Any CPU
		{C48EB023-A3C5-4567-B25E-58045BCFE72A}.Release|Any CPU.Build.0 = Release|Any CPU
		{C48EB023-A3C5-4567-B25E-58045BCFE72A}.Release|x64.ActiveCfg = Release|x64
		{C48EB023-A3C5-4567-B25E-58045BCFE72A}.Release|x64.Build.0 = Release|x64
		{C48EB023-A3C5-4567-B25E-58045BCFE72A}.Release|x86.ActiveCfg = Release|x86
		{C48EB023-A3C5-4567-B25E-58045BCFE72A}.Release|x86.Build.0 = Release|x86
		{BD60E863-C03A-494F-B758-F7006970C95B}.Debug|Any CPU.ActiveCfg = Debug|Any CPU
		{BD60E863-C03A-494F-B758-F7006970C95B}.Debug|Any CPU.Build.0 = Debug|Any CPU
		{BD60E863-C03A-494F-B758-F7006970C95B}.Debug|x64.ActiveCfg = Debug|x64
		{BD60E863-C03A-494F-B758-F7006970C95B}.Debug|x64.Build.0 = Debug|x64
		{BD60E863-C03A-494F-B758-F7006970C95B}.Debug|x86.ActiveCfg = Debug|x86
		{BD60E863-C03A-494F-B758-F7006970C95B}.Debug|x86.Build.0 = Debug|x86
		{BD60E863-C03A-494F-B758-F7006970C95B}.Release|Any CPU.ActiveCfg = Release|Any CPU
		{BD60E863-C03A-494F-B758-F7006970C95B}.Release|Any CPU.Build.0 = Release|Any CPU
		{BD60E863-C03A-494F-B758-F7006970C95B}.Release|x64.ActiveCfg = Release|x64
		{BD60E863-C03A-494F-B758-F7006970C95B}.Release|x64.Build.0 = Release|x64
		{BD60E863-C03A-494F-B758-F7006970C95B}.Release|x86.ActiveCfg = Release|x86
		{BD60E863-C03A-494F-B758-F7006970C95B}.Release|x86.Build.0 = Release|x86
		{9DD6583E-0E95-4676-BFAF-231D880C7F2F}.Debug|Any CPU.ActiveCfg = Debug|Any CPU
		{9DD6583E-0E95-4676-BFAF-231D880C7F2F}.Debug|Any CPU.Build.0 = Debug|Any CPU
		{9DD6583E-0E95-4676-BFAF-231D880C7F2F}.Debug|x64.ActiveCfg = Debug|x64
		{9DD6583E-0E95-4676-BFAF-231D880C7F2F}.Debug|x64.Build.0 = Debug|x64
		{9DD6583E-0E95-4676-BFAF-231D880C7F2F}.Debug|x86.ActiveCfg = Debug|x86
		{9DD6583E-0E95-4676-BFAF-231D880C7F2F}.Debug|x86.Build.0 = Debug|x86
		{9DD6583E-0E95-4676-BFAF-231D880C7F2F}.Release|Any CPU.ActiveCfg = Release|Any CPU
		{9DD6583E-0E95-4676-BFAF-231D880C7F2F}.Release|Any CPU.Build.0 = Release|Any CPU
		{9DD6583E-0E95-4676-BFAF-231D880C7F2F}.Release|x64.ActiveCfg = Release|x64
		{9DD6583E-0E95-4676-BFAF-231D880C7F2F}.Release|x64.Build.0 = Release|x64
		{9DD6583E-0E95-4676-BFAF-231D880C7F2F}.Release|x86.ActiveCfg = Release|x86
		{9DD6583E-0E95-4676-BFAF-231D880C7F2F}.Release|x86.Build.0 = Release|x86
		{0BE5559F-3A5D-49D2-86E3-BC4179BB6767}.Debug|Any CPU.ActiveCfg = Debug|Any CPU
		{0BE5559F-3A5D-49D2-86E3-BC4179BB6767}.Debug|Any CPU.Build.0 = Debug|Any CPU
		{0BE5559F-3A5D-49D2-86E3-BC4179BB6767}.Debug|x64.ActiveCfg = Debug|x64
		{0BE5559F-3A5D-49D2-86E3-BC4179BB6767}.Debug|x64.Build.0 = Debug|x64
		{0BE5559F-3A5D-49D2-86E3-BC4179BB6767}.Debug|x86.ActiveCfg = Debug|x86
		{0BE5559F-3A5D-49D2-86E3-BC4179BB6767}.Debug|x86.Build.0 = Debug|x86
		{0BE5559F-3A5D-49D2-86E3-BC4179BB6767}.Release|Any CPU.ActiveCfg = Release|Any CPU
		{0BE5559F-3A5D-49D2-86E3-BC4179BB6767}.Release|Any CPU.Build.0 = Release|Any CPU
		{0BE5559F-3A5D-49D2-86E3-BC4179BB6767}.Release|x64.ActiveCfg = Release|x64
		{0BE5559F-3A5D-49D2-86E3-BC4179BB6767}.Release|x64.Build.0 = Release|x64
		{0BE5559F-3A5D-49D2-86E3-BC4179BB6767}.Release|x86.ActiveCfg = Release|x86
		{0BE5559F-3A5D-49D2-86E3-BC4179BB6767}.Release|x86.Build.0 = Release|x86
		{21232CD9-44F4-49B1-9A32-C5962D883EBE}.Debug|Any CPU.ActiveCfg = Debug|Any CPU
		{21232CD9-44F4-49B1-9A32-C5962D883EBE}.Debug|Any CPU.Build.0 = Debug|Any CPU
		{21232CD9-44F4-49B1-9A32-C5962D883EBE}.Debug|x64.ActiveCfg = Debug|x64
		{21232CD9-44F4-49B1-9A32-C5962D883EBE}.Debug|x64.Build.0 = Debug|x64
		{21232CD9-44F4-49B1-9A32-C5962D883EBE}.Debug|x86.ActiveCfg = Debug|x86
		{21232CD9-44F4-49B1-9A32-C5962D883EBE}.Debug|x86.Build.0 = Debug|x86
		{21232CD9-44F4-49B1-9A32-C5962D883EBE}.Release|Any CPU.ActiveCfg = Release|Any CPU
		{21232CD9-44F4-49B1-9A32-C5962D883EBE}.Release|Any CPU.Build.0 = Release|Any CPU
		{21232CD9-44F4-49B1-9A32-C5962D883EBE}.Release|x64.ActiveCfg = Release|x64
		{21232CD9-44F4-49B1-9A32-C5962D883EBE}.Release|x64.Build.0 = Release|x64
		{21232CD9-44F4-49B1-9A32-C5962D883EBE}.Release|x86.ActiveCfg = Release|x86
		{21232CD9-44F4-49B1-9A32-C5962D883EBE}.Release|x86.Build.0 = Release|x86
	EndGlobalSection
	GlobalSection(SolutionProperties) = preSolution
		HideSolutionNode = FALSE
	EndGlobalSection
	GlobalSection(ExtensibilityGlobals) = postSolution
		SolutionGuid = {29548E30-168C-4147-B9A3-1D370DAAE40F}
	EndGlobalSection
EndGlobal
