
Microsoft Visual Studio Solution File, Format Version 12.00
# Visual Studio Version 16
VisualStudioVersion = 16.0.29609.76
MinimumVisualStudioVersion = 10.0.40219.1
Project("{9A19103F-16F7-4668-BE54-9A1E7A4F7556}") = "ReadTextFromFiles", "WritingAndReadingText\ReadTextFromFiles.csproj", "{C48EB023-A3C5-4567-B25E-58045BCFE72A}"
EndProject
Project("{FAE04EC0-301F-11D3-BF4B-00C04F79EFBC}") = "ReadingBinaryFiles", "CreatingBinaryFiles\ReadingBinaryFiles.csproj", "{BD60E863-C03A-494F-B758-F7006970C95B}"
EndProject
Project("{FAE04EC0-301F-11D3-BF4B-00C04F79EFBC}") = "WritingDataLib", "WritingDataLib\WritingDataLib.csproj", "{9DD6583E-0E95-4676-BFAF-231D880C7F2F}"
EndProject
Global
	GlobalSection(SolutionConfigurationPlatforms) = preSolution
		Debug|Any CPU = Debug|Any CPU
		Release|Any CPU = Release|Any CPU
	EndGlobalSection
	GlobalSection(ProjectConfigurationPlatforms) = postSolution
		{C48EB023-A3C5-4567-B25E-58045BCFE72A}.Debug|Any CPU.ActiveCfg = Debug|Any CPU
		{C48EB023-A3C5-4567-B25E-58045BCFE72A}.Debug|Any CPU.Build.0 = Debug|Any CPU
		{C48EB023-A3C5-4567-B25E-58045BCFE72A}.Release|Any CPU.ActiveCfg = Release|Any CPU
		{C48EB023-A3C5-4567-B25E-58045BCFE72A}.Release|Any CPU.Build.0 = Release|Any CPU
		{BD60E863-C03A-494F-B758-F7006970C95B}.Debug|Any CPU.ActiveCfg = Debug|Any CPU
		{BD60E863-C03A-494F-B758-F7006970C95B}.Debug|Any CPU.Build.0 = Debug|Any CPU
		{BD60E863-C03A-494F-B758-F7006970C95B}.Release|Any CPU.ActiveCfg = Release|Any CPU
		{BD60E863-C03A-494F-B758-F7006970C95B}.Release|Any CPU.Build.0 = Release|Any CPU
		{9DD6583E-0E95-4676-BFAF-231D880C7F2F}.Debug|Any CPU.ActiveCfg = Debug|Any CPU
		{9DD6583E-0E95-4676-BFAF-231D880C7F2F}.Debug|Any CPU.Build.0 = Debug|Any CPU
		{9DD6583E-0E95-4676-BFAF-231D880C7F2F}.Release|Any CPU.ActiveCfg = Release|Any CPU
		{9DD6583E-0E95-4676-BFAF-231D880C7F2F}.Release|Any CPU.Build.0 = Release|Any CPU
	EndGlobalSection
	GlobalSection(SolutionProperties) = preSolution
		HideSolutionNode = FALSE
	EndGlobalSection
	GlobalSection(ExtensibilityGlobals) = postSolution
		SolutionGuid = {29548E30-168C-4147-B9A3-1D370DAAE40F}
	EndGlobalSection
EndGlobal
